
Microsoft Visual Studio Solution File, Format Version 12.00
# Visual Studio 14
VisualStudioVersion = 14.0.25420.1
MinimumVisualStudioVersion = 10.0.40219.1
Project("{8BC9CEB8-8B4A-11D0-8D11-00A0C91BC942}") = "ConsoleFreeImageTest", "ConsoleFreeImageTest\ConsoleFreeImageTest.vcxproj", "{14F573B1-CBB9-4949-BA98-C7AB94778040}"
EndProject
Project("{2150E333-8FDC-42A3-9474-1A3956D46DE8}") = "lib", "lib", "{E705C611-F350-4B1A-B4ED-CD9CBAC4C948}"
	ProjectSection(SolutionItems) = preProject
		..\..\..\..\Users\Chris\Dropbox\Documents\Worcester Uni\COMP3304\CODE\Freeimage resources\FI Download\FreeImage3170Win32Win64-DLL\FreeImage\Dist\x32\FreeImage.h = ..\..\..\..\Users\Chris\Dropbox\Documents\Worcester Uni\COMP3304\CODE\Freeimage resources\FI Download\FreeImage3170Win32Win64-DLL\FreeImage\Dist\x32\FreeImage.h
		..\..\..\..\Users\Chris\Dropbox\Documents\Worcester Uni\COMP3304\CODE\Freeimage resources\FI Download\FreeImage3170Win32Win64-DLL\FreeImage\Dist\x32\FreeImage.lib = ..\..\..\..\Users\Chris\Dropbox\Documents\Worcester Uni\COMP3304\CODE\Freeimage resources\FI Download\FreeImage3170Win32Win64-DLL\FreeImage\Dist\x32\FreeImage.lib
	EndProjectSection
EndProject
Global
	GlobalSection(SolutionConfigurationPlatforms) = preSolution
		Debug|x64 = Debug|x64
		Debug|x86 = Debug|x86
		Release|x64 = Release|x64
		Release|x86 = Release|x86
	EndGlobalSection
	GlobalSection(ProjectConfigurationPlatforms) = postSolution
		{14F573B1-CBB9-4949-BA98-C7AB94778040}.Debug|x64.ActiveCfg = Debug|x64
		{14F573B1-CBB9-4949-BA98-C7AB94778040}.Debug|x64.Build.0 = Debug|x64
		{14F573B1-CBB9-4949-BA98-C7AB94778040}.Debug|x86.ActiveCfg = Debug|Win32
		{14F573B1-CBB9-4949-BA98-C7AB94778040}.Debug|x86.Build.0 = Debug|Win32
		{14F573B1-CBB9-4949-BA98-C7AB94778040}.Release|x64.ActiveCfg = Release|x64
		{14F573B1-CBB9-4949-BA98-C7AB94778040}.Release|x64.Build.0 = Release|x64
		{14F573B1-CBB9-4949-BA98-C7AB94778040}.Release|x86.ActiveCfg = Release|Win32
		{14F573B1-CBB9-4949-BA98-C7AB94778040}.Release|x86.Build.0 = Release|Win32
	EndGlobalSection
	GlobalSection(SolutionProperties) = preSolution
		HideSolutionNode = FALSE
	EndGlobalSection
EndGlobal
